{
  "name": "@cloudcreate/cli",
  "version": "0.1.0",
  "lockfileVersion": 3,
  "requires": true,
  "packages": {
    "": {
      "name": "@cloudcreate/cli",
      "version": "0.1.0",
      "dependencies": {
        "@cloudcreate/cloudcreate-core": "file:../cloudcreate-lib"
      },
      "bin": {
        "cc-tools": "bin/cloudcreate.js",
        "cloudcreate": "bin/cloudcreate.js"
      },
      "engines": {
        "node": ">=22"
      }
    },
    "../cloudcreate-lib": {
      "version": "0.1.0",
      "license": "MIT",
      "dependencies": {
        "@jsquash/avif": "^1.1.2-single-thread-only",
        "@jsquash/jpeg": "^1.6.0",
        "@jsquash/png": "^3.1.1",
        "@jsquash/webp": "^1.5.0",
        "brotli-wasm": "^3.0.1",
        "csso": "^5.0.5",
        "fflate": "^0.8.2",
        "js-beautify": "^1.15.4",
        "marked": "^15.0.12",
        "pngjs": "^7.0.0",
        "upng-js": "^2.1.0",
        "xlsx": "https://cdn.sheetjs.com/xlsx-0.20.3/xlsx-0.20.3.tgz"
      },
      "engines": {
        "node": ">=18"
      }
    },
    "node_modules/@cloudcreate/cloudcreate-core": {
      "resolved": "../cloudcreate-lib",
      "link": true
    }
  }
}
